{
  "name": "js",
  "version": "0.7.0",
  "lockfileVersion": 3,
  "requires": true,
  "packages": {
    "": {
      "name": "js",
      "version": "0.7.0",
      "license": "MIT",
      "devDependencies": {
        "@types/plotly.js": "^2.33.3"
      }
    },
    "node_modules/@types/plotly.js": {
      "version": "2.33.3",
      "resolved": "https://registry.npmjs.org/@types/plotly.js/-/plotly.js-2.33.3.tgz",
      "integrity": "sha512-Uu9aC8Z5oMj+oq1QHKtZAug9uAdPV66KPZrIa+r26bhktfuAbSCIq2HDN1kFPrcci0QKNCh8Gqj1GtMYvfoEUQ==",
      "dev": true,
      "license": "MIT"
    }
  }
}
